
Microsoft Visual Studio Solution File, Format Version 12.00
# Visual Studio 15
VisualStudioVersion = 15.0.26730.12
MinimumVisualStudioVersion = 10.0.40219.1
Project("{2150E333-8FDC-42A3-9474-1A3956D46DE8}") = "src", "src", "{71052200-E36D-477D-8375-4AAE0EA77F75}"
EndProject
Project("{2150E333-8FDC-42A3-9474-1A3956D46DE8}") = "Solution Items", "Solution Items", "{A631142B-66D7-4B18-B83D-44629DE70358}"
EndProject
Project("{9A19103F-16F7-4668-BE54-9A1E7A4F7556}") = "Webdictaat.Apis.Databases", "src\Webdictaat.Apis.Databases\Webdictaat.Apis.Databases.csproj", "{824D3CAD-08EA-4707-ADD9-34FBF34AE083}"
EndProject
Global
	GlobalSection(SolutionConfigurationPlatforms) = preSolution
		Debug|Any CPU = Debug|Any CPU
		Release|Any CPU = Release|Any CPU
	EndGlobalSection
	GlobalSection(ProjectConfigurationPlatforms) = postSolution
		{824D3CAD-08EA-4707-ADD9-34FBF34AE083}.Debug|Any CPU.ActiveCfg = Debug|Any CPU
		{824D3CAD-08EA-4707-ADD9-34FBF34AE083}.Debug|Any CPU.Build.0 = Debug|Any CPU
		{824D3CAD-08EA-4707-ADD9-34FBF34AE083}.Release|Any CPU.ActiveCfg = Release|Any CPU
		{824D3CAD-08EA-4707-ADD9-34FBF34AE083}.Release|Any CPU.Build.0 = Release|Any CPU
	EndGlobalSection
	GlobalSection(SolutionProperties) = preSolution
		HideSolutionNode = FALSE
	EndGlobalSection
	GlobalSection(NestedProjects) = preSolution
		{824D3CAD-08EA-4707-ADD9-34FBF34AE083} = {71052200-E36D-477D-8375-4AAE0EA77F75}
	EndGlobalSection
	GlobalSection(ExtensibilityGlobals) = postSolution
		SolutionGuid = {3E5745B6-B105-4B17-A749-76D002E798EA}
	EndGlobalSection
EndGlobal
